
Microsoft Visual Studio Solution File, Format Version 12.00
# Visual Studio 15
VisualStudioVersion = 15.0.27703.2035
MinimumVisualStudioVersion = 10.0.40219.1
Project("{9A19103F-16F7-4668-BE54-9A1E7A4F7556}") = "PM.Web", "PM.Web\PM.Web.csproj", "{FECCDC33-7664-4EBD-A23A-55BDBE4F6BD9}"
EndProject
Project("{FAE04EC0-301F-11D3-BF4B-00C04F79EFBC}") = "PM.Core", "PM.Core\PM.Core.csproj", "{CF5139FF-48A7-4929-BB35-17CCAF9E756B}"
EndProject
Global
	GlobalSection(SolutionConfigurationPlatforms) = preSolution
		Debug|Any CPU = Debug|Any CPU
		Release|Any CPU = Release|Any CPU
	EndGlobalSection
	GlobalSection(ProjectConfigurationPlatforms) = postSolution
		{FECCDC33-7664-4EBD-A23A-55BDBE4F6BD9}.Debug|Any CPU.ActiveCfg = Debug|Any CPU
		{FECCDC33-7664-4EBD-A23A-55BDBE4F6BD9}.Debug|Any CPU.Build.0 = Debug|Any CPU
		{FECCDC33-7664-4EBD-A23A-55BDBE4F6BD9}.Release|Any CPU.ActiveCfg = Release|Any CPU
		{FECCDC33-7664-4EBD-A23A-55BDBE4F6BD9}.Release|Any CPU.Build.0 = Release|Any CPU
		{CF5139FF-48A7-4929-BB35-17CCAF9E756B}.Debug|Any CPU.ActiveCfg = Debug|Any CPU
		{CF5139FF-48A7-4929-BB35-17CCAF9E756B}.Debug|Any CPU.Build.0 = Debug|Any CPU
		{CF5139FF-48A7-4929-BB35-17CCAF9E756B}.Release|Any CPU.ActiveCfg = Release|Any CPU
		{CF5139FF-48A7-4929-BB35-17CCAF9E756B}.Release|Any CPU.Build.0 = Release|Any CPU
	EndGlobalSection
	GlobalSection(SolutionProperties) = preSolution
		HideSolutionNode = FALSE
	EndGlobalSection
	GlobalSection(ExtensibilityGlobals) = postSolution
		SolutionGuid = {E004ED52-A9E1-4725-AAF5-62059BB5CD9D}
	EndGlobalSection
EndGlobal
